
Microsoft Visual Studio Solution File, Format Version 12.00
# Visual Studio Version 17
VisualStudioVersion = 17.8.34330.188
MinimumVisualStudioVersion = 10.0.40219.1
Project("{FAE04EC0-301F-11D3-BF4B-00C04F79EFBC}") = "Viseralbug", "Viseralbug.csproj", "{2A296CE2-ED03-42B7-9EEA-39A0AA6EFA56}"
EndProject
Global
	GlobalSection(SolutionConfigurationPlatforms) = preSolution
		Debug|Any CPU = Debug|Any CPU
		Release|Any CPU = Release|Any CPU
	EndGlobalSection
	GlobalSection(ProjectConfigurationPlatforms) = postSolution
		{2A296CE2-ED03-42B7-9EEA-39A0AA6EFA56}.Debug|Any CPU.ActiveCfg = Debug|Any CPU
		{2A296CE2-ED03-42B7-9EEA-39A0AA6EFA56}.Debug|Any CPU.Build.0 = Debug|Any CPU
		{2A296CE2-ED03-42B7-9EEA-39A0AA6EFA56}.Release|Any CPU.ActiveCfg = Release|Any CPU
		{2A296CE2-ED03-42B7-9EEA-39A0AA6EFA56}.Release|Any CPU.Build.0 = Release|Any CPU
	EndGlobalSection
	GlobalSection(SolutionProperties) = preSolution
		HideSolutionNode = FALSE
	EndGlobalSection
	GlobalSection(ExtensibilityGlobals) = postSolution
		SolutionGuid = {353D0DDD-403C-4111-AA0B-6C972DE0673E}
	EndGlobalSection
EndGlobal
